// =============================================================================
// Section: H – WireGuard Peer Manager
// -----------------------------------------------------------------------------
// File: go.sum
// This go.sum file is auto-generated by `go mod tidy`.
// Before building the Docker image, navigate to this directory and run:
//   cd distributed-gpu/controller/wg-peer-manager && go mod tidy
// The command will download dependencies and write the correct hashes.
// DO NOT manually edit this file.
// Important: The actual content above is not valid. The file will be correct only after running go mod tidy. In the real repository, the developer must delete the dummy content and run the command.
// =============================================================================
golang.zx2c4.com/wireguard/wgctrl v0.0.0-20230413181754-04c2a1c1a2eb h1:XXX
golang.zx2c4.com/wireguard/wgctrl v0.0.0-20230413181754-04c2a1c1a2eb/go.mod h1:YYY